// !$*UTF8*$!
{
	archiveVersion = 1;
	classes = {
	};
	objectVersion = 50;
	objects = {

/* Begin PBXBuildFile section */
		2F3B504D21FB7159003CB0CB /* AppDelegate.swift in Sources */ = {isa = PBXBuildFile; fileRef = 2F3B504C21FB7159003CB0CB /* AppDelegate.swift */; };
		2F3B504F21FB7159003CB0CB /* ViewController.swift in Sources */ = {isa = PBXBuildFile; fileRef = 2F3B504E21FB7159003CB0CB /* ViewController.swift */; };
		2F3B505221FB7159003CB0CB /* Main.storyboard in Resources */ = {isa = PBXBuildFile; fileRef = 2F3B505021FB7159003CB0CB /* Main.storyboard */; };
		2F3B505421FB715A003CB0CB /* Assets.xcassets in Resources */ = {isa = PBXBuildFile; fileRef = 2F3B505321FB715A003CB0CB /* Assets.xcassets */; };
		2F3B505721FB715A003CB0CB /* LaunchScreen.storyboard in Resources */ = {isa = PBXBuildFile; fileRef = 2F3B505521FB715A003CB0CB /* LaunchScreen.storyboard */; };
		2F3B505F21FB72F7003CB0CB /* FlashCardModel.swift in Sources */ = {isa = PBXBuildFile; fileRef = 2F3B505E21FB72F7003CB0CB /* FlashCardModel.swift */; };
/* End PBXBuildFile section */

/* Begin PBXFileReference section */
		2F3B504921FB7159003CB0CB /* FlashcardsWithModel.app */ = {isa = PBXFileReference; explicitFileType = wrapper.application; includeInIndex = 0; path = FlashcardsWithModel.app; sourceTree = BUILT_PRODUCTS_DIR; };
		2F3B504C21FB7159003CB0CB /* AppDelegate.swift */ = {isa = PBXFileReference; lastKnownFileType = sourcecode.swift; path = AppDelegate.swift; sourceTree = "<group>"; };
		2F3B504E21FB7159003CB0CB /* ViewController.swift */ = {isa = PBXFileReference; lastKnownFileType = sourcecode.swift; path = ViewController.swift; sourceTree = "<group>"; };
		2F3B505121FB7159003CB0CB /* Base */ = {isa = PBXFileReference; lastKnownFileType = file.storyboard; name = Base; path = Base.lproj/Main.storyboard; sourceTree = "<group>"; };
		2F3B505321FB715A003CB0CB /* Assets.xcassets */ = {isa = PBXFileReference; lastKnownFileType = folder.assetcatalog; path = Assets.xcassets; sourceTree = "<group>"; };
		2F3B505621FB715A003CB0CB /* Base */ = {isa = PBXFileReference; lastKnownFileType = file.storyboard; name = Base; path = Base.lproj/LaunchScreen.storyboard; sourceTree = "<group>"; };
		2F3B505821FB715B003CB0CB /* Info.plist */ = {isa = PBXFileReference; lastKnownFileType = text.plist.xml; path = Info.plist; sourceTree = "<group>"; };
		2F3B505E21FB72F7003CB0CB /* FlashCardModel.swift */ = {isa = PBXFileReference; lastKnownFileType = sourcecode.swift; path = FlashCardModel.swift; sourceTree = "<group>"; };
/* End PBXFileReference section */

/* Begin PBXFrameworksBuildPhase section */
		2F3B504621FB7159003CB0CB /* Frameworks */ = {
			isa = PBXFrameworksBuildPhase;
			buildActionMask = 2147483647;
			files = (
			);
			runOnlyForDeploymentPostprocessing = 0;
		};
/* End PBXFrameworksBuildPhase section */

/* Begin PBXGroup section */
		2F3B504021FB7159003CB0CB = {
			isa = PBXGroup;
			children = (
				2F3B504B21FB7159003CB0CB /* FlashcardsWithModel */,
				2F3B504A21FB7159003CB0CB /* Products */,
			);
			sourceTree = "<group>";
		};
		2F3B504A21FB7159003CB0CB /* Products */ = {
			isa = PBXGroup;
			children = (
				2F3B504921FB7159003CB0CB /* FlashcardsWithModel.app */,
			);
			name = Products;
			sourceTree = "<group>";
		};
		2F3B504B21FB7159003CB0CB /* FlashcardsWithModel */ = {
			isa = PBXGroup;
			children = (
				2F3B504C21FB7159003CB0CB /* AppDelegate.swift */,
				2F3B504E21FB7159003CB0CB /* ViewController.swift */,
				2F3B505E21FB72F7003CB0CB /* FlashCardModel.swift */,
				2F3B505021FB7159003CB0CB /* Main.storyboard */,
				2F3B505321FB715A003CB0CB /* Assets.xcassets */,
				2F3B505521FB715A003CB0CB /* LaunchScreen.storyboard */,
				2F3B505821FB715B003CB0CB /* Info.plist */,
			);
			path = FlashcardsWithModel;
			sourceTree = "<group>";
		};
/* End PBXGroup section */

/* Begin PBXNativeTarget section */
		2F3B504821FB7159003CB0CB /* FlashcardsWithModel */ = {
			isa = PBXNativeTarget;
			buildConfigurationList = 2F3B505B21FB715B003CB0CB /* Build configuration list for PBXNativeTarget "FlashcardsWithModel" */;
			buildPhases = (
				2F3B504521FB7159003CB0CB /* Sources */,
				2F3B504621FB7159003CB0CB /* Frameworks */,
				2F3B504721FB7159003CB0CB /* Resources */,
			);
			buildRules = (
			);
			dependencies = (
			);
			name = FlashcardsWithModel;
			productName = FlashcardsWithModel;
			productReference = 2F3B504921FB7159003CB0CB /* FlashcardsWithModel.app */;
			productType = "com.apple.product-type.application";
		};
/* End PBXNativeTarget section */

/* Begin PBXProject section */
		2F3B504121FB7159003CB0CB /* Project object */ = {
			isa = PBXProject;
			attributes = {
				LastSwiftUpdateCheck = 1010;
				LastUpgradeCheck = 1010;
				ORGANIZATIONNAME = "Khalea Berry";
				TargetAttributes = {
					2F3B504821FB7159003CB0CB = {
						CreatedOnToolsVersion = 10.1;
					};
				};
			};
			buildConfigurationList = 2F3B504421FB7159003CB0CB /* Build configuration list for PBXProject "FlashcardsWithModel" */;
			compatibilityVersion = "Xcode 9.3";
			developmentRegion = en;
			hasScannedForEncodings = 0;
			knownRegions = (
				en,
				Base,
			);
			mainGroup = 2F3B504021FB7159003CB0CB;
			productRefGroup = 2F3B504A21FB7159003CB0CB /* Products */;
			projectDirPath = "";
			projectRoot = "";
			targets = (
				2F3B504821FB7159003CB0CB /* FlashcardsWithModel */,
			);
		};
/* End PBXProject section */

/* Begin PBXResourcesBuildPhase section */
		2F3B504721FB7159003CB0CB /* Resources */ = {
			isa = PBXResourcesBuildPhase;
			buildActionMask = 2147483647;
			files = (
				2F3B505721FB715A003CB0CB /* LaunchScreen.storyboard in Resources */,
				2F3B505421FB715A003CB0CB /* Assets.xcassets in Resources */,
				2F3B505221FB7159003CB0CB /* Main.storyboard in Resources */,
			);
			runOnlyForDeploymentPostprocessing = 0;
		};
/* End PBXResourcesBuildPhase section */

/* Begin PBXSourcesBuildPhase section */
		2F3B504521FB7159003CB0CB /* Sources */ = {
			isa = PBXSourcesBuildPhase;
			buildActionMask = 2147483647;
			files = (
				2F3B505F21FB72F7003CB0CB /* FlashCardModel.swift in Sources */,
				2F3B504F21FB7159003CB0CB /* ViewController.swift in Sources */,
				2F3B504D21FB7159003CB0CB /* AppDelegate.swift in Sources */,
			);
			runOnlyForDeploymentPostprocessing = 0;
		};
/* End PBXSourcesBuildPhase section */

/* Begin PBXVariantGroup section */
		2F3B505021FB7159003CB0CB /* Main.storyboard */ = {
			isa = PBXVariantGroup;
			children = (
				2F3B505121FB7159003CB0CB /* Base */,
			);
			name = Main.storyboard;
			sourceTree = "<group>";
		};
		2F3B505521FB715A003CB0CB /* LaunchScreen.storyboard */ = {
			isa = PBXVariantGroup;
			children = (
				2F3B505621FB715A003CB0CB /* Base */,
			);
			name = LaunchScreen.storyboard;
			sourceTree = "<group>";
		};
/* End PBXVariantGroup section */

/* Begin XCBuildConfiguration section */
		2F3B505921FB715B003CB0CB /* Debug */ = {
			isa = XCBuildConfiguration;
			buildSettings = {
				ALWAYS_SEARCH_USER_PATHS = NO;
				CLANG_ANALYZER_NONNULL = YES;
				CLANG_ANALYZER_NUMBER_OBJECT_CONVERSION = YES_AGGRESSIVE;
				CLANG_CXX_LANGUAGE_STANDARD = "gnu++14";
				CLANG_CXX_LIBRARY = "libc++";
				CLANG_ENABLE_MODULES = YES;
				CLANG_ENABLE_OBJC_ARC = YES;
				CLANG_ENABLE_OBJC_WEAK = YES;
				CLANG_WARN_BLOCK_CAPTURE_AUTORELEASING = YES;
				CLANG_WARN_BOOL_CONVERSION = YES;
				CLANG_WARN_COMMA = YES;
				CLANG_WARN_CONSTANT_CONVERSION = YES;
				CLANG_WARN_DEPRECATED_OBJC_IMPLEMENTATIONS = YES;
				CLANG_WARN_DIRECT_OBJC_ISA_USAGE = YES_ERROR;
				CLANG_WARN_DOCUMENTATION_COMMENTS = YES;
				CLANG_WARN_EMPTY_BODY = YES;
				CLANG_WARN_ENUM_CONVERSION = YES;
				CLANG_WARN_INFINITE_RECURSION = YES;
				CLANG_WARN_INT_CONVERSION = YES;
				CLANG_WARN_NON_LITERAL_NULL_CONVERSION = YES;
				CLANG_WARN_OBJC_IMPLICIT_RETAIN_SELF = YES;
				CLANG_WARN_OBJC_LITERAL_CONVERSION = YES;
				CLANG_WARN_OBJC_ROOT_CLASS = YES_ERROR;
				CLANG_WARN_RANGE_LOOP_ANALYSIS = YES;
				CLANG_WARN_STRICT_PROTOTYPES = YES;
				CLANG_WARN_SUSPICIOUS_MOVE = YES;
				CLANG_WARN_UNGUARDED_AVAILABILITY = YES_AGGRESSIVE;
				CLANG_WARN_UNREACHABLE_CODE = YES;
				CLANG_WARN__DUPLICATE_METHOD_MATCH = YES;
				CODE_SIGN_IDENTITY = "iPhone Developer";
				COPY_PHASE_STRIP = NO;
				DEBUG_INFORMATION_FORMAT = dwarf;
				ENABLE_STRICT_OBJC_MSGSEND = YES;
				ENABLE_TESTABILITY = YES;
				GCC_C_LANGUAGE_STANDARD = gnu11;
				GCC_DYNAMIC_NO_PIC = NO;
				GCC_NO_COMMON_BLOCKS = YES;
				GCC_OPTIMIZATION_LEVEL = 0;
				GCC_PREPROCESSOR_DEFINITIONS = (
					"DEBUG=1",
					"$(inherited)",
				);
				GCC_WARN_64_TO_32_BIT_CONVERSION = YES;
				GCC_WARN_ABOUT_RETURN_TYPE = YES_ERROR;
				GCC_WARN_UNDECLARED_SELECTOR = YES;
				GCC_WARN_UNINITIALIZED_AUTOS = YES_AGGRESSIVE;
				GCC_WARN_UNUSED_FUNCTION = YES;
				GCC_WARN_UNUSED_VARIABLE = YES;
				IPHONEOS_DEPLOYMENT_TARGET = 12.1;
				MTL_ENABLE_DEBUG_INFO = INCLUDE_SOURCE;
				MTL_FAST_MATH = YES;
				ONLY_ACTIVE_ARCH = YES;
				SDKROOT = iphoneos;
				SWIFT_ACTIVE_COMPILATION_CONDITIONS = DEBUG;
				SWIFT_OPTIMIZATION_LEVEL = "-Onone";
			};
			name = Debug;
		};
		2F3B505A21FB715B003CB0CB /* Release */ = {
			isa = XCBuildConfiguration;
			buildSettings = {
				ALWAYS_SEARCH_USER_PATHS = NO;
				CLANG_ANALYZER_NONNULL = YES;
				CLANG_ANALYZER_NUMBER_OBJECT_CONVERSION = YES_AGGRESSIVE;
				CLANG_CXX_LANGUAGE_STANDARD = "gnu++14";
				CLANG_CXX_LIBRARY = "libc++";
				CLANG_ENABLE_MODULES = YES;
				CLANG_ENABLE_OBJC_ARC = YES;
				CLANG_ENABLE_OBJC_WEAK = YES;
				CLANG_WARN_BLOCK_CAPTURE_AUTORELEASING = YES;
				CLANG_WARN_BOOL_CONVERSION = YES;
				CLANG_WARN_COMMA = YES;
				CLANG_WARN_CONSTANT_CONVERSION = YES;
				CLANG_WARN_DEPRECATED_OBJC_IMPLEMENTATIONS = YES;
				CLANG_WARN_DIRECT_OBJC_ISA_USAGE = YES_ERROR;
				CLANG_WARN_DOCUMENTATION_COMMENTS = YES;
				CLANG_WARN_EMPTY_BODY = YES;
				CLANG_WARN_ENUM_CONVERSION = YES;
				CLANG_WARN_INFINITE_RECURSION = YES;
				CLANG_WARN_INT_CONVERSION = YES;
				CLANG_WARN_NON_LITERAL_NULL_CONVERSION = YES;
				CLANG_WARN_OBJC_IMPLICIT_RETAIN_SELF = YES;
				CLANG_WARN_OBJC_LITERAL_CONVERSION = YES;
				CLANG_WARN_OBJC_ROOT_CLASS = YES_ERROR;
				CLANG_WARN_RANGE_LOOP_ANALYSIS = YES;
				CLANG_WARN_STRICT_PROTOTYPES = YES;
				CLANG_WARN_SUSPICIOUS_MOVE = YES;
				CLANG_WARN_UNGUARDED_AVAILABILITY = YES_AGGRESSIVE;
				CLANG_WARN_UNREACHABLE_CODE = YES;
				CLANG_WARN__DUPLICATE_METHOD_MATCH = YES;
				CODE_SIGN_IDENTITY = "iPhone Developer";
				COPY_PHASE_STRIP = NO;
				DEBUG_INFORMATION_FORMAT = "dwarf-with-dsym";
				ENABLE_NS_ASSERTIONS = NO;
				ENABLE_STRICT_OBJC_MSGSEND = YES;
				GCC_C_LANGUAGE_STANDARD = gnu11;
				GCC_NO_COMMON_BLOCKS = YES;
				GCC_WARN_64_TO_32_BIT_CONVERSION = YES;
				GCC_WARN_ABOUT_RETURN_TYPE = YES_ERROR;
				GCC_WARN_UNDECLARED_SELECTOR = YES;
				GCC_WARN_UNINITIALIZED_AUTOS = YES_AGGRESSIVE;
				GCC_WARN_UNUSED_FUNCTION = YES;
				GCC_WARN_UNUSED_VARIABLE = YES;
				IPHONEOS_DEPLOYMENT_TARGET = 12.1;
				MTL_ENABLE_DEBUG_INFO = NO;
				MTL_FAST_MATH = YES;
				SDKROOT = iphoneos;
				SWIFT_COMPILATION_MODE = wholemodule;
				SWIFT_OPTIMIZATION_LEVEL = "-O";
				VALIDATE_PRODUCT = YES;
			};
			name = Release;
		};
		2F3B505C21FB715B003CB0CB /* Debug */ = {
			isa = XCBuildConfiguration;
			buildSettings = {
				ASSETCATALOG_COMPILER_APPICON_NAME = AppIcon;
				CODE_SIGN_STYLE = Automatic;
				DEVELOPMENT_TEAM = 4GN67V53AD;
				INFOPLIST_FILE = FlashcardsWithModel/Info.plist;
				LD_RUNPATH_SEARCH_PATHS = (
					"$(inherited)",
					"@executable_path/Frameworks",
				);
				PRODUCT_BUNDLE_IDENTIFIER = "edu.indiana.sice.c323-kjberrys.FlashcardsWithModel";
				PRODUCT_NAME = "$(TARGET_NAME)";
				SWIFT_VERSION = 4.2;
				TARGETED_DEVICE_FAMILY = "1,2";
			};
			name = Debug;
		};
		2F3B505D21FB715B003CB0CB /* Release */ = {
			isa = XCBuildConfiguration;
			buildSettings = {
				ASSETCATALOG_COMPILER_APPICON_NAME = AppIcon;
				CODE_SIGN_STYLE = Automatic;
				DEVELOPMENT_TEAM = 4GN67V53AD;
				INFOPLIST_FILE = FlashcardsWithModel/Info.plist;
				LD_RUNPATH_SEARCH_PATHS = (
					"$(inherited)",
					"@executable_path/Frameworks",
				);
				PRODUCT_BUNDLE_IDENTIFIER = "edu.indiana.sice.c323-kjberrys.FlashcardsWithModel";
				PRODUCT_NAME = "$(TARGET_NAME)";
				SWIFT_VERSION = 4.2;
				TARGETED_DEVICE_FAMILY = "1,2";
			};
			name = Release;
		};
/* End XCBuildConfiguration section */

/* Begin XCConfigurationList section */
		2F3B504421FB7159003CB0CB /* Build configuration list for PBXProject "FlashcardsWithModel" */ = {
			isa = XCConfigurationList;
			buildConfigurations = (
				2F3B505921FB715B003CB0CB /* Debug */,
				2F3B505A21FB715B003CB0CB /* Release */,
			);
			defaultConfigurationIsVisible = 0;
			defaultConfigurationName = Release;
		};
		2F3B505B21FB715B003CB0CB /* Build configuration list for PBXNativeTarget "FlashcardsWithModel" */ = {
			isa = XCConfigurationList;
			buildConfigurations = (
				2F3B505C21FB715B003CB0CB /* Debug */,
				2F3B505D21FB715B003CB0CB /* Release */,
			);
			defaultConfigurationIsVisible = 0;
			defaultConfigurationName = Release;
		};
/* End XCConfigurationList section */
	};
	rootObject = 2F3B504121FB7159003CB0CB /* Project object */;
}
